{
  "name": "testing",
  "version": "1.0.0",
  "lockfileVersion": 1,
  "requires": true,
  "dependencies": {
    "@rdfjs/data-model": {
      "version": "1.1.2",
      "resolved": "https://registry.npmjs.org/@rdfjs/data-model/-/data-model-1.1.2.tgz",
      "integrity": "sha512-pk/G/JLYGaXesoBLvEmoC/ic0H3B79fTyS0Ujjh5YQB2DZW+mn05ZowFFv88rjB9jf7c1XE5XSmf8jzn6U0HHA==",
      "requires": {
        "@types/rdf-js": "^2.0.1"
      }
    },
    "@types/node": {
      "version": "12.7.4",
      "resolved": "https://registry.npmjs.org/@types/node/-/node-12.7.4.tgz",
      "integrity": "sha512-W0+n1Y+gK/8G2P/piTkBBN38Qc5Q1ZSO6B5H3QmPCUewaiXOo2GCAWZ4ElZCcNhjJuBSUSLGFUJnmlCn5+nxOQ=="
    },
    "@types/rdf-js": {
      "version": "2.0.2",
      "resolved": "https://registry.npmjs.org/@types/rdf-js/-/rdf-js-2.0.2.tgz",
      "integrity": "sha512-rHtC0mtRmMc9JzITesWhzmAXqfyJZhY8MygmmWZc3oWS5DPsGsKs+t3RXxGYlM4UKOqlD9Ki4owS1Cx/GPMeqw==",
      "requires": {
        "@types/node": "*"
      }
    },
    "encoding": {
      "version": "0.1.12",
      "resolved": "https://registry.npmjs.org/encoding/-/encoding-0.1.12.tgz",
      "integrity": "sha1-U4tm8+5izRq1HsMjgp0flIDHS+s=",
      "requires": {
        "iconv-lite": "~0.4.13"
      }
    },
    "iconv-lite": {
      "version": "0.4.24",
      "resolved": "https://registry.npmjs.org/iconv-lite/-/iconv-lite-0.4.24.tgz",
      "integrity": "sha512-v3MXnZAcvnywkTUEZomIActle7RXXeedOR31wwl7VlyoXO4Qi9arvSenNQWne1TcRwhCL1HwLI21bEqdpj8/rA==",
      "requires": {
        "safer-buffer": ">= 2.1.2 < 3"
      }
    },
    "is-stream": {
      "version": "1.1.0",
      "resolved": "https://registry.npmjs.org/is-stream/-/is-stream-1.1.0.tgz",
      "integrity": "sha1-EtSj3U5o4Lec6428hBc66A2RykQ="
    },
    "isomorphic-fetch": {
      "version": "2.2.1",
      "resolved": "https://registry.npmjs.org/isomorphic-fetch/-/isomorphic-fetch-2.2.1.tgz",
      "integrity": "sha1-YRrhrPFPXoH3KVB0coGf6XM1WKk=",
      "requires": {
        "node-fetch": "^1.0.1",
        "whatwg-fetch": ">=0.10.0"
      }
    },
    "jsonld-context-parser": {
      "version": "1.3.1",
      "resolved": "https://registry.npmjs.org/jsonld-context-parser/-/jsonld-context-parser-1.3.1.tgz",
      "integrity": "sha512-xffEUh3iKlxEsecEXlCI0Xvt7lEi/09632VZc8abVQ5btfLOjZ+N7UReZGAysSsJ8ELbqcqp8VhLRoEhNk+BbA==",
      "requires": {
        "isomorphic-fetch": "^2.2.1",
        "relative-to-absolute-iri": "^1.0.2"
      }
    },
    "n3": {
      "version": "1.2.0",
      "resolved": "https://registry.npmjs.org/n3/-/n3-1.2.0.tgz",
      "integrity": "sha512-3VZD31lRyG2JoAa7imyhAIUZbqaZk4FSsa5QenNjUhNNJKomMLcwuhAOyl+i/suT7UB2H16Ta/7tSUP+Hkq/EQ=="
    },
    "node-fetch": {
      "version": "1.7.3",
      "resolved": "https://registry.npmjs.org/node-fetch/-/node-fetch-1.7.3.tgz",
      "integrity": "sha512-NhZ4CsKx7cYm2vSrBAr2PvFOe6sWDf0UYLRqA6svUYg7+/TSfVAu49jYC4BvQ4Sms9SZgdqGBgroqfDhJdTyKQ==",
      "requires": {
        "encoding": "^0.1.11",
        "is-stream": "^1.0.1"
      }
    },
    "rdf-object": {
      "version": "1.1.1",
      "resolved": "https://registry.npmjs.org/rdf-object/-/rdf-object-1.1.1.tgz",
      "integrity": "sha512-60YdkQ4rgetCEcDu4XqRiTuSIJwJw0Dok48FhSU0t9dCfsHMuOuethbdNqFhVNmjFlB6bD58zc+ibmV+g2o24A==",
      "requires": {
        "@rdfjs/data-model": "^1.1.1",
        "jsonld-context-parser": "^1.1.0",
        "rdf-string": "^1.3.1",
        "streamify-array": "^1.0.1"
      }
    },
    "rdf-string": {
      "version": "1.3.1",
      "resolved": "https://registry.npmjs.org/rdf-string/-/rdf-string-1.3.1.tgz",
      "integrity": "sha512-Pcw6aZRfto2cZodK5kSqFZW8mz6nfKLxSfjOSrTi5ajb2CSIwzqGx7UniysgKoV2i7tQL5dpPgCgY80upCiRUw==",
      "requires": {
        "@rdfjs/data-model": "^1.1.1"
      }
    },
    "relative-to-absolute-iri": {
      "version": "1.0.5",
      "resolved": "https://registry.npmjs.org/relative-to-absolute-iri/-/relative-to-absolute-iri-1.0.5.tgz",
      "integrity": "sha512-sHpUlpF3fRWtTcBa8uBIwQ+Z/YnjDjerocV3q0FrP8T9oZ3z6d61I12ZcGlGr9jW2cQbcCkErCT9XLcN18ZLaQ=="
    },
    "safer-buffer": {
      "version": "2.1.2",
      "resolved": "https://registry.npmjs.org/safer-buffer/-/safer-buffer-2.1.2.tgz",
      "integrity": "sha512-YZo3K82SD7Riyi0E1EQPojLz7kpepnSQI9IyPbHHg1XXXevb5dJI7tpyN2ADxGcQbHG7vcyRHk0cbwqcQriUtg=="
    },
    "streamify-array": {
      "version": "1.0.1",
      "resolved": "https://registry.npmjs.org/streamify-array/-/streamify-array-1.0.1.tgz",
      "integrity": "sha512-ZnswaBcC6B1bhPLSQOlC6CdaDUSzU0wr2lvvHpbHNms8V7+DLd8uEAzDAWpsjxbFkijBHhuObFO/qqu52DZUMA=="
    },
    "whatwg-fetch": {
      "version": "3.0.0",
      "resolved": "https://registry.npmjs.org/whatwg-fetch/-/whatwg-fetch-3.0.0.tgz",
      "integrity": "sha512-9GSJUgz1D4MfyKU7KRqwOjXCXTqWdFNvEr7eUBYchQiVc744mqK/MzXPNR2WsPkmkOa4ywfg8C2n8h+13Bey1Q=="
    }
  }
}
